
Microsoft Visual Studio Solution File, Format Version 12.00
# Visual Studio Version 17
VisualStudioVersion = 17.3.32825.248
MinimumVisualStudioVersion = 10.0.40219.1
Project("{FAE04EC0-301F-11D3-BF4B-00C04F79EFBC}") = "pr1", "pr1\pr1.csproj", "{A7CDB3F3-7C83-4372-B2F4-81774CDC637A}"
EndProject
Project("{FAE04EC0-301F-11D3-BF4B-00C04F79EFBC}") = "p6", "p6\p6.csproj", "{BBD8E89D-40CE-4B4A-B32D-22D3836EE8B8}"
EndProject
Project("{FAE04EC0-301F-11D3-BF4B-00C04F79EFBC}") = "p7", "p7\p7.csproj", "{ABB7E611-2BBF-4D8D-8413-05FEB4B7ED46}"
EndProject
Project("{FAE04EC0-301F-11D3-BF4B-00C04F79EFBC}") = "p8", "p8\p8.csproj", "{A8921501-ACF3-4CE0-84B3-97F62611EBBA}"
EndProject
Project("{FAE04EC0-301F-11D3-BF4B-00C04F79EFBC}") = "p9", "p9\p9.csproj", "{256D0FFF-5C0E-4AFC-9A1E-13713CBEC606}"
EndProject
Project("{FAE04EC0-301F-11D3-BF4B-00C04F79EFBC}") = "p10", "p10\p10.csproj", "{09DD2C30-C1FA-4A3C-8D8C-BF229F43794B}"
EndProject
Project("{FAE04EC0-301F-11D3-BF4B-00C04F79EFBC}") = "p11", "p11\p11.csproj", "{301AC20B-70DC-42C4-AC34-93D5F9A4536F}"
EndProject
Project("{FAE04EC0-301F-11D3-BF4B-00C04F79EFBC}") = "p12", "p12\p12.csproj", "{EAD0AB72-A722-4AA8-B809-D5B3A3BD86A4}"
EndProject
Project("{FAE04EC0-301F-11D3-BF4B-00C04F79EFBC}") = "p13", "p13\p13.csproj", "{86E4BE33-0DCA-4F8A-A712-2F2CE61897F5}"
EndProject
Project("{FAE04EC0-301F-11D3-BF4B-00C04F79EFBC}") = "p14", "p14\p14.csproj", "{A19E432A-9E75-4B90-B906-33D13687379F}"
EndProject
Project("{FAE04EC0-301F-11D3-BF4B-00C04F79EFBC}") = "p15", "p15\p15.csproj", "{E5922FA2-3E14-4440-914C-268DB5707AFE}"
EndProject
Project("{FAE04EC0-301F-11D3-BF4B-00C04F79EFBC}") = "pr16", "pr16\pr16.csproj", "{612D1888-5AF3-45FA-977B-B6242AC8AECD}"
EndProject
Project("{FAE04EC0-301F-11D3-BF4B-00C04F79EFBC}") = "p17", "p17\p17.csproj", "{CE6B239C-F9BB-4E82-958D-118C960CD7B9}"
EndProject
Global
	GlobalSection(SolutionConfigurationPlatforms) = preSolution
		Debug|Any CPU = Debug|Any CPU
		Release|Any CPU = Release|Any CPU
	EndGlobalSection
	GlobalSection(ProjectConfigurationPlatforms) = postSolution
		{A7CDB3F3-7C83-4372-B2F4-81774CDC637A}.Debug|Any CPU.ActiveCfg = Debug|Any CPU
		{A7CDB3F3-7C83-4372-B2F4-81774CDC637A}.Debug|Any CPU.Build.0 = Debug|Any CPU
		{A7CDB3F3-7C83-4372-B2F4-81774CDC637A}.Release|Any CPU.ActiveCfg = Release|Any CPU
		{A7CDB3F3-7C83-4372-B2F4-81774CDC637A}.Release|Any CPU.Build.0 = Release|Any CPU
		{BBD8E89D-40CE-4B4A-B32D-22D3836EE8B8}.Debug|Any CPU.ActiveCfg = Debug|Any CPU
		{BBD8E89D-40CE-4B4A-B32D-22D3836EE8B8}.Debug|Any CPU.Build.0 = Debug|Any CPU
		{BBD8E89D-40CE-4B4A-B32D-22D3836EE8B8}.Release|Any CPU.ActiveCfg = Release|Any CPU
		{BBD8E89D-40CE-4B4A-B32D-22D3836EE8B8}.Release|Any CPU.Build.0 = Release|Any CPU
		{ABB7E611-2BBF-4D8D-8413-05FEB4B7ED46}.Debug|Any CPU.ActiveCfg = Debug|Any CPU
		{ABB7E611-2BBF-4D8D-8413-05FEB4B7ED46}.Debug|Any CPU.Build.0 = Debug|Any CPU
		{ABB7E611-2BBF-4D8D-8413-05FEB4B7ED46}.Release|Any CPU.ActiveCfg = Release|Any CPU
		{ABB7E611-2BBF-4D8D-8413-05FEB4B7ED46}.Release|Any CPU.Build.0 = Release|Any CPU
		{A8921501-ACF3-4CE0-84B3-97F62611EBBA}.Debug|Any CPU.ActiveCfg = Debug|Any CPU
		{A8921501-ACF3-4CE0-84B3-97F62611EBBA}.Debug|Any CPU.Build.0 = Debug|Any CPU
		{A8921501-ACF3-4CE0-84B3-97F62611EBBA}.Release|Any CPU.ActiveCfg = Release|Any CPU
		{A8921501-ACF3-4CE0-84B3-97F62611EBBA}.Release|Any CPU.Build.0 = Release|Any CPU
		{256D0FFF-5C0E-4AFC-9A1E-13713CBEC606}.Debug|Any CPU.ActiveCfg = Debug|Any CPU
		{256D0FFF-5C0E-4AFC-9A1E-13713CBEC606}.Debug|Any CPU.Build.0 = Debug|Any CPU
		{256D0FFF-5C0E-4AFC-9A1E-13713CBEC606}.Release|Any CPU.ActiveCfg = Release|Any CPU
		{256D0FFF-5C0E-4AFC-9A1E-13713CBEC606}.Release|Any CPU.Build.0 = Release|Any CPU
		{09DD2C30-C1FA-4A3C-8D8C-BF229F43794B}.Debug|Any CPU.ActiveCfg = Debug|Any CPU
		{09DD2C30-C1FA-4A3C-8D8C-BF229F43794B}.Debug|Any CPU.Build.0 = Debug|Any CPU
		{09DD2C30-C1FA-4A3C-8D8C-BF229F43794B}.Release|Any CPU.ActiveCfg = Release|Any CPU
		{09DD2C30-C1FA-4A3C-8D8C-BF229F43794B}.Release|Any CPU.Build.0 = Release|Any CPU
		{301AC20B-70DC-42C4-AC34-93D5F9A4536F}.Debug|Any CPU.ActiveCfg = Debug|Any CPU
		{301AC20B-70DC-42C4-AC34-93D5F9A4536F}.Debug|Any CPU.Build.0 = Debug|Any CPU
		{301AC20B-70DC-42C4-AC34-93D5F9A4536F}.Release|Any CPU.ActiveCfg = Release|Any CPU
		{301AC20B-70DC-42C4-AC34-93D5F9A4536F}.Release|Any CPU.Build.0 = Release|Any CPU
		{EAD0AB72-A722-4AA8-B809-D5B3A3BD86A4}.Debug|Any CPU.ActiveCfg = Debug|Any CPU
		{EAD0AB72-A722-4AA8-B809-D5B3A3BD86A4}.Debug|Any CPU.Build.0 = Debug|Any CPU
		{EAD0AB72-A722-4AA8-B809-D5B3A3BD86A4}.Release|Any CPU.ActiveCfg = Release|Any CPU
		{EAD0AB72-A722-4AA8-B809-D5B3A3BD86A4}.Release|Any CPU.Build.0 = Release|Any CPU
		{86E4BE33-0DCA-4F8A-A712-2F2CE61897F5}.Debug|Any CPU.ActiveCfg = Debug|Any CPU
		{86E4BE33-0DCA-4F8A-A712-2F2CE61897F5}.Debug|Any CPU.Build.0 = Debug|Any CPU
		{86E4BE33-0DCA-4F8A-A712-2F2CE61897F5}.Release|Any CPU.ActiveCfg = Release|Any CPU
		{86E4BE33-0DCA-4F8A-A712-2F2CE61897F5}.Release|Any CPU.Build.0 = Release|Any CPU
		{A19E432A-9E75-4B90-B906-33D13687379F}.Debug|Any CPU.ActiveCfg = Debug|Any CPU
		{A19E432A-9E75-4B90-B906-33D13687379F}.Debug|Any CPU.Build.0 = Debug|Any CPU
		{A19E432A-9E75-4B90-B906-33D13687379F}.Release|Any CPU.ActiveCfg = Release|Any CPU
		{A19E432A-9E75-4B90-B906-33D13687379F}.Release|Any CPU.Build.0 = Release|Any CPU
		{E5922FA2-3E14-4440-914C-268DB5707AFE}.Debug|Any CPU.ActiveCfg = Debug|Any CPU
		{E5922FA2-3E14-4440-914C-268DB5707AFE}.Debug|Any CPU.Build.0 = Debug|Any CPU
		{E5922FA2-3E14-4440-914C-268DB5707AFE}.Release|Any CPU.ActiveCfg = Release|Any CPU
		{E5922FA2-3E14-4440-914C-268DB5707AFE}.Release|Any CPU.Build.0 = Release|Any CPU
		{612D1888-5AF3-45FA-977B-B6242AC8AECD}.Debug|Any CPU.ActiveCfg = Debug|Any CPU
		{612D1888-5AF3-45FA-977B-B6242AC8AECD}.Debug|Any CPU.Build.0 = Debug|Any CPU
		{612D1888-5AF3-45FA-977B-B6242AC8AECD}.Release|Any CPU.ActiveCfg = Release|Any CPU
		{612D1888-5AF3-45FA-977B-B6242AC8AECD}.Release|Any CPU.Build.0 = Release|Any CPU
		{CE6B239C-F9BB-4E82-958D-118C960CD7B9}.Debug|Any CPU.ActiveCfg = Debug|Any CPU
		{CE6B239C-F9BB-4E82-958D-118C960CD7B9}.Debug|Any CPU.Build.0 = Debug|Any CPU
		{CE6B239C-F9BB-4E82-958D-118C960CD7B9}.Release|Any CPU.ActiveCfg = Release|Any CPU
		{CE6B239C-F9BB-4E82-958D-118C960CD7B9}.Release|Any CPU.Build.0 = Release|Any CPU
	EndGlobalSection
	GlobalSection(SolutionProperties) = preSolution
		HideSolutionNode = FALSE
	EndGlobalSection
	GlobalSection(ExtensibilityGlobals) = postSolution
		SolutionGuid = {2B55A91E-91B9-4FA1-B352-44F5777676EA}
	EndGlobalSection
EndGlobal
